
Microsoft Visual Studio Solution File, Format Version 12.00
# Visual Studio 14
VisualStudioVersion = 14.0.25420.1
MinimumVisualStudioVersion = 10.0.40219.1
Project("{FAE04EC0-301F-11D3-BF4B-00C04F79EFBC}") = "SportsStore.Domain", "SportsStore.Domain\SportsStore.Domain.csproj", "{5F6C7747-F25B-4C7D-AF38-8F20F5003066}"
EndProject
Project("{FAE04EC0-301F-11D3-BF4B-00C04F79EFBC}") = "SportsStore.WebUI", "SportsStore.WebUI\SportsStore.WebUI.csproj", "{6984BCF1-56A4-4464-8A90-1BA3A507DB07}"
EndProject
Project("{FAE04EC0-301F-11D3-BF4B-00C04F79EFBC}") = "SportsStore.UnitTests", "SportsStore.UnitTests\SportsStore.UnitTests.csproj", "{EC0E6F3F-27E2-4BE5-B42D-E85E27BD8470}"
EndProject
Global
	GlobalSection(SolutionConfigurationPlatforms) = preSolution
		Debug|Any CPU = Debug|Any CPU
		Release|Any CPU = Release|Any CPU
	EndGlobalSection
	GlobalSection(ProjectConfigurationPlatforms) = postSolution
		{5F6C7747-F25B-4C7D-AF38-8F20F5003066}.Debug|Any CPU.ActiveCfg = Debug|Any CPU
		{5F6C7747-F25B-4C7D-AF38-8F20F5003066}.Debug|Any CPU.Build.0 = Debug|Any CPU
		{5F6C7747-F25B-4C7D-AF38-8F20F5003066}.Release|Any CPU.ActiveCfg = Release|Any CPU
		{5F6C7747-F25B-4C7D-AF38-8F20F5003066}.Release|Any CPU.Build.0 = Release|Any CPU
		{6984BCF1-56A4-4464-8A90-1BA3A507DB07}.Debug|Any CPU.ActiveCfg = Debug|Any CPU
		{6984BCF1-56A4-4464-8A90-1BA3A507DB07}.Debug|Any CPU.Build.0 = Debug|Any CPU
		{6984BCF1-56A4-4464-8A90-1BA3A507DB07}.Release|Any CPU.ActiveCfg = Release|Any CPU
		{6984BCF1-56A4-4464-8A90-1BA3A507DB07}.Release|Any CPU.Build.0 = Release|Any CPU
		{EC0E6F3F-27E2-4BE5-B42D-E85E27BD8470}.Debug|Any CPU.ActiveCfg = Debug|Any CPU
		{EC0E6F3F-27E2-4BE5-B42D-E85E27BD8470}.Debug|Any CPU.Build.0 = Debug|Any CPU
		{EC0E6F3F-27E2-4BE5-B42D-E85E27BD8470}.Release|Any CPU.ActiveCfg = Release|Any CPU
		{EC0E6F3F-27E2-4BE5-B42D-E85E27BD8470}.Release|Any CPU.Build.0 = Release|Any CPU
	EndGlobalSection
	GlobalSection(SolutionProperties) = preSolution
		HideSolutionNode = FALSE
	EndGlobalSection
EndGlobal
